
Microsoft Visual Studio Solution File, Format Version 12.00
# Visual Studio 15
VisualStudioVersion = 15.0.28307.902
MinimumVisualStudioVersion = 10.0.40219.1
Project("{FAE04EC0-301F-11D3-BF4B-00C04F79EFBC}") = "NTierMvcCustomerSystem", "NTierMvcCustomerSystem\NTierMvcCustomerSystem.csproj", "{996D6A43-8AC0-4A32-8E24-87CEF830DFB5}"
EndProject
Project("{FAE04EC0-301F-11D3-BF4B-00C04F79EFBC}") = "NTierMvcCustomerSystem.Tests", "NTierMvcCustomerSystem.Tests\NTierMvcCustomerSystem.Tests.csproj", "{2315B7E5-88EE-484B-8E0C-8B2967A8AA0B}"
EndProject
Global
	GlobalSection(SolutionConfigurationPlatforms) = preSolution
		Debug|Any CPU = Debug|Any CPU
		Release|Any CPU = Release|Any CPU
	EndGlobalSection
	GlobalSection(ProjectConfigurationPlatforms) = postSolution
		{996D6A43-8AC0-4A32-8E24-87CEF830DFB5}.Debug|Any CPU.ActiveCfg = Debug|Any CPU
		{996D6A43-8AC0-4A32-8E24-87CEF830DFB5}.Debug|Any CPU.Build.0 = Debug|Any CPU
		{996D6A43-8AC0-4A32-8E24-87CEF830DFB5}.Release|Any CPU.ActiveCfg = Release|Any CPU
		{996D6A43-8AC0-4A32-8E24-87CEF830DFB5}.Release|Any CPU.Build.0 = Release|Any CPU
		{2315B7E5-88EE-484B-8E0C-8B2967A8AA0B}.Debug|Any CPU.ActiveCfg = Debug|Any CPU
		{2315B7E5-88EE-484B-8E0C-8B2967A8AA0B}.Debug|Any CPU.Build.0 = Debug|Any CPU
		{2315B7E5-88EE-484B-8E0C-8B2967A8AA0B}.Release|Any CPU.ActiveCfg = Release|Any CPU
		{2315B7E5-88EE-484B-8E0C-8B2967A8AA0B}.Release|Any CPU.Build.0 = Release|Any CPU
	EndGlobalSection
	GlobalSection(SolutionProperties) = preSolution
		HideSolutionNode = FALSE
	EndGlobalSection
	GlobalSection(ExtensibilityGlobals) = postSolution
		SolutionGuid = {59527391-5C22-4C2B-A970-8E4B0D995E24}
	EndGlobalSection
EndGlobal
